// !$*UTF8*$!
{
	archiveVersion = 1;
	classes = {
	};
	objectVersion = 56;
	objects = {

/* Begin PBXBuildFile section */
		A14C9C4F2981EC0C00A31BE6 /* CircleButtonView.swift in Sources */ = {isa = PBXBuildFile; fileRef = A14C9C4E2981EC0C00A31BE6 /* CircleButtonView.swift */; };
		A14C9C512981FA5B00A31BE6 /* AppContext.swift in Sources */ = {isa = PBXBuildFile; fileRef = A14C9C502981FA5B00A31BE6 /* AppContext.swift */; };
		A18392CC2983446800BC25BF /* Service.swift in Sources */ = {isa = PBXBuildFile; fileRef = A18392CB2983446800BC25BF /* Service.swift */; };
		A18392CE2983446D00BC25BF /* Request.swift in Sources */ = {isa = PBXBuildFile; fileRef = A18392CD2983446D00BC25BF /* Request.swift */; };
		A18392D02983447300BC25BF /* Endpoint.swift in Sources */ = {isa = PBXBuildFile; fileRef = A18392CF2983447300BC25BF /* Endpoint.swift */; };
		A189B9852980C1CE002E8687 /* LiveFootballApp.swift in Sources */ = {isa = PBXBuildFile; fileRef = A189B9842980C1CE002E8687 /* LiveFootballApp.swift */; };
		A189B9872980C1CE002E8687 /* ContentView.swift in Sources */ = {isa = PBXBuildFile; fileRef = A189B9862980C1CE002E8687 /* ContentView.swift */; };
		A189B9892980C1D0002E8687 /* Assets.xcassets in Resources */ = {isa = PBXBuildFile; fileRef = A189B9882980C1D0002E8687 /* Assets.xcassets */; };
		A189B98C2980C1D0002E8687 /* Preview Assets.xcassets in Resources */ = {isa = PBXBuildFile; fileRef = A189B98B2980C1D0002E8687 /* Preview Assets.xcassets */; };
		A189B9962980C34F002E8687 /* HomeView.swift in Sources */ = {isa = PBXBuildFile; fileRef = A189B9952980C34F002E8687 /* HomeView.swift */; };
		A189B9982980C35A002E8687 /* HomeViewViewModel.swift in Sources */ = {isa = PBXBuildFile; fileRef = A189B9972980C35A002E8687 /* HomeViewViewModel.swift */; };
		A189B99C2980C641002E8687 /* FavoritesView.swift in Sources */ = {isa = PBXBuildFile; fileRef = A189B99B2980C641002E8687 /* FavoritesView.swift */; };
		A189B99E2980C64C002E8687 /* FavoritesViewViewModel.swift in Sources */ = {isa = PBXBuildFile; fileRef = A189B99D2980C64C002E8687 /* FavoritesViewViewModel.swift */; };
		A189B9A12980C9F0002E8687 /* EditFavoritesViewModel.swift in Sources */ = {isa = PBXBuildFile; fileRef = A189B9A02980C9F0002E8687 /* EditFavoritesViewModel.swift */; };
		A189B9A32980C9FA002E8687 /* EditFavoritesView.swift in Sources */ = {isa = PBXBuildFile; fileRef = A189B9A22980C9FA002E8687 /* EditFavoritesView.swift */; };
		A189B9A52980CCB8002E8687 /* ClubModel.swift in Sources */ = {isa = PBXBuildFile; fileRef = A189B9A42980CCB8002E8687 /* ClubModel.swift */; };
		A189B9A72980CE40002E8687 /* output.json in Resources */ = {isa = PBXBuildFile; fileRef = A189B9A62980CE40002E8687 /* output.json */; };
		A189B9AA2980CF1B002E8687 /* Bundle-Decodable.swift in Sources */ = {isa = PBXBuildFile; fileRef = A189B9A92980CF1B002E8687 /* Bundle-Decodable.swift */; };
		A189B9AD2980D450002E8687 /* Kingfisher in Frameworks */ = {isa = PBXBuildFile; productRef = A189B9AC2980D450002E8687 /* Kingfisher */; };
		A1BE3FC32984AAED00107B5A /* ResponseModel.swift in Sources */ = {isa = PBXBuildFile; fileRef = A1BE3FC22984AAED00107B5A /* ResponseModel.swift */; };
/* End PBXBuildFile section */

/* Begin PBXFileReference section */
		A14C9C4E2981EC0C00A31BE6 /* CircleButtonView.swift */ = {isa = PBXFileReference; lastKnownFileType = sourcecode.swift; path = CircleButtonView.swift; sourceTree = "<group>"; };
		A14C9C502981FA5B00A31BE6 /* AppContext.swift */ = {isa = PBXFileReference; lastKnownFileType = sourcecode.swift; path = AppContext.swift; sourceTree = "<group>"; };
		A18392CB2983446800BC25BF /* Service.swift */ = {isa = PBXFileReference; lastKnownFileType = sourcecode.swift; path = Service.swift; sourceTree = "<group>"; };
		A18392CD2983446D00BC25BF /* Request.swift */ = {isa = PBXFileReference; lastKnownFileType = sourcecode.swift; path = Request.swift; sourceTree = "<group>"; };
		A18392CF2983447300BC25BF /* Endpoint.swift */ = {isa = PBXFileReference; lastKnownFileType = sourcecode.swift; path = Endpoint.swift; sourceTree = "<group>"; };
		A189B9812980C1CE002E8687 /* LiveFootball.app */ = {isa = PBXFileReference; explicitFileType = wrapper.application; includeInIndex = 0; path = LiveFootball.app; sourceTree = BUILT_PRODUCTS_DIR; };
		A189B9842980C1CE002E8687 /* LiveFootballApp.swift */ = {isa = PBXFileReference; lastKnownFileType = sourcecode.swift; path = LiveFootballApp.swift; sourceTree = "<group>"; };
		A189B9862980C1CE002E8687 /* ContentView.swift */ = {isa = PBXFileReference; lastKnownFileType = sourcecode.swift; path = ContentView.swift; sourceTree = "<group>"; };
		A189B9882980C1D0002E8687 /* Assets.xcassets */ = {isa = PBXFileReference; lastKnownFileType = folder.assetcatalog; path = Assets.xcassets; sourceTree = "<group>"; };
		A189B98B2980C1D0002E8687 /* Preview Assets.xcassets */ = {isa = PBXFileReference; lastKnownFileType = folder.assetcatalog; path = "Preview Assets.xcassets"; sourceTree = "<group>"; };
		A189B9952980C34F002E8687 /* HomeView.swift */ = {isa = PBXFileReference; lastKnownFileType = sourcecode.swift; path = HomeView.swift; sourceTree = "<group>"; };
		A189B9972980C35A002E8687 /* HomeViewViewModel.swift */ = {isa = PBXFileReference; lastKnownFileType = sourcecode.swift; path = HomeViewViewModel.swift; sourceTree = "<group>"; };
		A189B99B2980C641002E8687 /* FavoritesView.swift */ = {isa = PBXFileReference; lastKnownFileType = sourcecode.swift; path = FavoritesView.swift; sourceTree = "<group>"; };
		A189B99D2980C64C002E8687 /* FavoritesViewViewModel.swift */ = {isa = PBXFileReference; lastKnownFileType = sourcecode.swift; path = FavoritesViewViewModel.swift; sourceTree = "<group>"; };
		A189B9A02980C9F0002E8687 /* EditFavoritesViewModel.swift */ = {isa = PBXFileReference; lastKnownFileType = sourcecode.swift; path = EditFavoritesViewModel.swift; sourceTree = "<group>"; };
		A189B9A22980C9FA002E8687 /* EditFavoritesView.swift */ = {isa = PBXFileReference; lastKnownFileType = sourcecode.swift; path = EditFavoritesView.swift; sourceTree = "<group>"; };
		A189B9A42980CCB8002E8687 /* ClubModel.swift */ = {isa = PBXFileReference; lastKnownFileType = sourcecode.swift; path = ClubModel.swift; sourceTree = "<group>"; };
		A189B9A62980CE40002E8687 /* output.json */ = {isa = PBXFileReference; fileEncoding = 4; lastKnownFileType = text.json; path = output.json; sourceTree = "<group>"; };
		A189B9A92980CF1B002E8687 /* Bundle-Decodable.swift */ = {isa = PBXFileReference; lastKnownFileType = sourcecode.swift; path = "Bundle-Decodable.swift"; sourceTree = "<group>"; };
		A1BE3FC22984AAED00107B5A /* ResponseModel.swift */ = {isa = PBXFileReference; lastKnownFileType = sourcecode.swift; path = ResponseModel.swift; sourceTree = "<group>"; };
/* End PBXFileReference section */

/* Begin PBXFrameworksBuildPhase section */
		A189B97E2980C1CE002E8687 /* Frameworks */ = {
			isa = PBXFrameworksBuildPhase;
			buildActionMask = 2147483647;
			files = (
				A189B9AD2980D450002E8687 /* Kingfisher in Frameworks */,
			);
			runOnlyForDeploymentPostprocessing = 0;
		};
/* End PBXFrameworksBuildPhase section */

/* Begin PBXGroup section */
		A14C9C4D2981EBEB00A31BE6 /* Shared */ = {
			isa = PBXGroup;
			children = (
				A14C9C4E2981EC0C00A31BE6 /* CircleButtonView.swift */,
				A14C9C502981FA5B00A31BE6 /* AppContext.swift */,
			);
			path = Shared;
			sourceTree = "<group>";
		};
		A189B9782980C1CE002E8687 = {
			isa = PBXGroup;
			children = (
				A189B9832980C1CE002E8687 /* LiveFootball */,
				A189B9822980C1CE002E8687 /* Products */,
			);
			sourceTree = "<group>";
		};
		A189B9822980C1CE002E8687 /* Products */ = {
			isa = PBXGroup;
			children = (
				A189B9812980C1CE002E8687 /* LiveFootball.app */,
			);
			name = Products;
			sourceTree = "<group>";
		};
		A189B9832980C1CE002E8687 /* LiveFootball */ = {
			isa = PBXGroup;
			children = (
				A1A411BA2983442B00463DC2 /* APIClient */,
				A189B9A82980CF06002E8687 /* Extensions */,
				A189B9932980C31D002E8687 /* Models */,
				A14C9C4D2981EBEB00A31BE6 /* Shared */,
				A189B9922980C317002E8687 /* Views */,
				A189B9842980C1CE002E8687 /* LiveFootballApp.swift */,
				A189B9882980C1D0002E8687 /* Assets.xcassets */,
				A189B9A62980CE40002E8687 /* output.json */,
				A189B98A2980C1D0002E8687 /* Preview Content */,
			);
			path = LiveFootball;
			sourceTree = "<group>";
		};
		A189B98A2980C1D0002E8687 /* Preview Content */ = {
			isa = PBXGroup;
			children = (
				A189B98B2980C1D0002E8687 /* Preview Assets.xcassets */,
			);
			path = "Preview Content";
			sourceTree = "<group>";
		};
		A189B9922980C317002E8687 /* Views */ = {
			isa = PBXGroup;
			children = (
				A189B99F2980C9E5002E8687 /* EditFavoritesView */,
				A189B99A2980C62D002E8687 /* FavoritesView */,
				A189B9992980C625002E8687 /* GamesView */,
				A189B9942980C33D002E8687 /* HomeView */,
				A189B9862980C1CE002E8687 /* ContentView.swift */,
			);
			path = Views;
			sourceTree = "<group>";
		};
		A189B9932980C31D002E8687 /* Models */ = {
			isa = PBXGroup;
			children = (
				A189B9A42980CCB8002E8687 /* ClubModel.swift */,
				A1BE3FC22984AAED00107B5A /* ResponseModel.swift */,
			);
			path = Models;
			sourceTree = "<group>";
		};
		A189B9942980C33D002E8687 /* HomeView */ = {
			isa = PBXGroup;
			children = (
				A189B9952980C34F002E8687 /* HomeView.swift */,
				A189B9972980C35A002E8687 /* HomeViewViewModel.swift */,
			);
			path = HomeView;
			sourceTree = "<group>";
		};
		A189B9992980C625002E8687 /* GamesView */ = {
			isa = PBXGroup;
			children = (
			);
			path = GamesView;
			sourceTree = "<group>";
		};
		A189B99A2980C62D002E8687 /* FavoritesView */ = {
			isa = PBXGroup;
			children = (
				A189B99B2980C641002E8687 /* FavoritesView.swift */,
				A189B99D2980C64C002E8687 /* FavoritesViewViewModel.swift */,
			);
			path = FavoritesView;
			sourceTree = "<group>";
		};
		A189B99F2980C9E5002E8687 /* EditFavoritesView */ = {
			isa = PBXGroup;
			children = (
				A189B9A02980C9F0002E8687 /* EditFavoritesViewModel.swift */,
				A189B9A22980C9FA002E8687 /* EditFavoritesView.swift */,
			);
			path = EditFavoritesView;
			sourceTree = "<group>";
		};
		A189B9A82980CF06002E8687 /* Extensions */ = {
			isa = PBXGroup;
			children = (
				A189B9A92980CF1B002E8687 /* Bundle-Decodable.swift */,
			);
			path = Extensions;
			sourceTree = "<group>";
		};
		A1A411BA2983442B00463DC2 /* APIClient */ = {
			isa = PBXGroup;
			children = (
				A18392CB2983446800BC25BF /* Service.swift */,
				A18392CD2983446D00BC25BF /* Request.swift */,
				A18392CF2983447300BC25BF /* Endpoint.swift */,
			);
			path = APIClient;
			sourceTree = "<group>";
		};
/* End PBXGroup section */

/* Begin PBXNativeTarget section */
		A189B9802980C1CE002E8687 /* LiveFootball */ = {
			isa = PBXNativeTarget;
			buildConfigurationList = A189B98F2980C1D0002E8687 /* Build configuration list for PBXNativeTarget "LiveFootball" */;
			buildPhases = (
				A189B97D2980C1CE002E8687 /* Sources */,
				A189B97E2980C1CE002E8687 /* Frameworks */,
				A189B97F2980C1CE002E8687 /* Resources */,
			);
			buildRules = (
			);
			dependencies = (
			);
			name = LiveFootball;
			packageProductDependencies = (
				A189B9AC2980D450002E8687 /* Kingfisher */,
			);
			productName = LiveFootball;
			productReference = A189B9812980C1CE002E8687 /* LiveFootball.app */;
			productType = "com.apple.product-type.application";
		};
/* End PBXNativeTarget section */

/* Begin PBXProject section */
		A189B9792980C1CE002E8687 /* Project object */ = {
			isa = PBXProject;
			attributes = {
				BuildIndependentTargetsInParallel = 1;
				LastSwiftUpdateCheck = 1400;
				LastUpgradeCheck = 1400;
				TargetAttributes = {
					A189B9802980C1CE002E8687 = {
						CreatedOnToolsVersion = 14.0;
					};
				};
			};
			buildConfigurationList = A189B97C2980C1CE002E8687 /* Build configuration list for PBXProject "LiveFootball" */;
			compatibilityVersion = "Xcode 14.0";
			developmentRegion = en;
			hasScannedForEncodings = 0;
			knownRegions = (
				en,
				Base,
			);
			mainGroup = A189B9782980C1CE002E8687;
			packageReferences = (
				A189B9AB2980D450002E8687 /* XCRemoteSwiftPackageReference "Kingfisher" */,
			);
			productRefGroup = A189B9822980C1CE002E8687 /* Products */;
			projectDirPath = "";
			projectRoot = "";
			targets = (
				A189B9802980C1CE002E8687 /* LiveFootball */,
			);
		};
/* End PBXProject section */

/* Begin PBXResourcesBuildPhase section */
		A189B97F2980C1CE002E8687 /* Resources */ = {
			isa = PBXResourcesBuildPhase;
			buildActionMask = 2147483647;
			files = (
				A189B98C2980C1D0002E8687 /* Preview Assets.xcassets in Resources */,
				A189B9892980C1D0002E8687 /* Assets.xcassets in Resources */,
				A189B9A72980CE40002E8687 /* output.json in Resources */,
			);
			runOnlyForDeploymentPostprocessing = 0;
		};
/* End PBXResourcesBuildPhase section */

/* Begin PBXSourcesBuildPhase section */
		A189B97D2980C1CE002E8687 /* Sources */ = {
			isa = PBXSourcesBuildPhase;
			buildActionMask = 2147483647;
			files = (
				A189B99C2980C641002E8687 /* FavoritesView.swift in Sources */,
				A18392CC2983446800BC25BF /* Service.swift in Sources */,
				A14C9C512981FA5B00A31BE6 /* AppContext.swift in Sources */,
				A189B9962980C34F002E8687 /* HomeView.swift in Sources */,
				A18392D02983447300BC25BF /* Endpoint.swift in Sources */,
				A189B9A52980CCB8002E8687 /* ClubModel.swift in Sources */,
				A189B9872980C1CE002E8687 /* ContentView.swift in Sources */,
				A189B9982980C35A002E8687 /* HomeViewViewModel.swift in Sources */,
				A189B9A12980C9F0002E8687 /* EditFavoritesViewModel.swift in Sources */,
				A14C9C4F2981EC0C00A31BE6 /* CircleButtonView.swift in Sources */,
				A189B9852980C1CE002E8687 /* LiveFootballApp.swift in Sources */,
				A189B9AA2980CF1B002E8687 /* Bundle-Decodable.swift in Sources */,
				A18392CE2983446D00BC25BF /* Request.swift in Sources */,
				A189B9A32980C9FA002E8687 /* EditFavoritesView.swift in Sources */,
				A1BE3FC32984AAED00107B5A /* ResponseModel.swift in Sources */,
				A189B99E2980C64C002E8687 /* FavoritesViewViewModel.swift in Sources */,
			);
			runOnlyForDeploymentPostprocessing = 0;
		};
/* End PBXSourcesBuildPhase section */

/* Begin XCBuildConfiguration section */
		A189B98D2980C1D0002E8687 /* Debug */ = {
			isa = XCBuildConfiguration;
			buildSettings = {
				ALWAYS_SEARCH_USER_PATHS = NO;
				CLANG_ANALYZER_NONNULL = YES;
				CLANG_ANALYZER_NUMBER_OBJECT_CONVERSION = YES_AGGRESSIVE;
				CLANG_CXX_LANGUAGE_STANDARD = "gnu++20";
				CLANG_ENABLE_MODULES = YES;
				CLANG_ENABLE_OBJC_ARC = YES;
				CLANG_ENABLE_OBJC_WEAK = YES;
				CLANG_WARN_BLOCK_CAPTURE_AUTORELEASING = YES;
				CLANG_WARN_BOOL_CONVERSION = YES;
				CLANG_WARN_COMMA = YES;
				CLANG_WARN_CONSTANT_CONVERSION = YES;
				CLANG_WARN_DEPRECATED_OBJC_IMPLEMENTATIONS = YES;
				CLANG_WARN_DIRECT_OBJC_ISA_USAGE = YES_ERROR;
				CLANG_WARN_DOCUMENTATION_COMMENTS = YES;
				CLANG_WARN_EMPTY_BODY = YES;
				CLANG_WARN_ENUM_CONVERSION = YES;
				CLANG_WARN_INFINITE_RECURSION = YES;
				CLANG_WARN_INT_CONVERSION = YES;
				CLANG_WARN_NON_LITERAL_NULL_CONVERSION = YES;
				CLANG_WARN_OBJC_IMPLICIT_RETAIN_SELF = YES;
				CLANG_WARN_OBJC_LITERAL_CONVERSION = YES;
				CLANG_WARN_OBJC_ROOT_CLASS = YES_ERROR;
				CLANG_WARN_QUOTED_INCLUDE_IN_FRAMEWORK_HEADER = YES;
				CLANG_WARN_RANGE_LOOP_ANALYSIS = YES;
				CLANG_WARN_STRICT_PROTOTYPES = YES;
				CLANG_WARN_SUSPICIOUS_MOVE = YES;
				CLANG_WARN_UNGUARDED_AVAILABILITY = YES_AGGRESSIVE;
				CLANG_WARN_UNREACHABLE_CODE = YES;
				CLANG_WARN__DUPLICATE_METHOD_MATCH = YES;
				COPY_PHASE_STRIP = NO;
				DEBUG_INFORMATION_FORMAT = dwarf;
				ENABLE_STRICT_OBJC_MSGSEND = YES;
				ENABLE_TESTABILITY = YES;
				GCC_C_LANGUAGE_STANDARD = gnu11;
				GCC_DYNAMIC_NO_PIC = NO;
				GCC_NO_COMMON_BLOCKS = YES;
				GCC_OPTIMIZATION_LEVEL = 0;
				GCC_PREPROCESSOR_DEFINITIONS = (
					"DEBUG=1",
					"$(inherited)",
				);
				GCC_WARN_64_TO_32_BIT_CONVERSION = YES;
				GCC_WARN_ABOUT_RETURN_TYPE = YES_ERROR;
				GCC_WARN_UNDECLARED_SELECTOR = YES;
				GCC_WARN_UNINITIALIZED_AUTOS = YES_AGGRESSIVE;
				GCC_WARN_UNUSED_FUNCTION = YES;
				GCC_WARN_UNUSED_VARIABLE = YES;
				IPHONEOS_DEPLOYMENT_TARGET = 16.0;
				MTL_ENABLE_DEBUG_INFO = INCLUDE_SOURCE;
				MTL_FAST_MATH = YES;
				ONLY_ACTIVE_ARCH = YES;
				SDKROOT = iphoneos;
				SWIFT_ACTIVE_COMPILATION_CONDITIONS = DEBUG;
				SWIFT_OPTIMIZATION_LEVEL = "-Onone";
			};
			name = Debug;
		};
		A189B98E2980C1D0002E8687 /* Release */ = {
			isa = XCBuildConfiguration;
			buildSettings = {
				ALWAYS_SEARCH_USER_PATHS = NO;
				CLANG_ANALYZER_NONNULL = YES;
				CLANG_ANALYZER_NUMBER_OBJECT_CONVERSION = YES_AGGRESSIVE;
				CLANG_CXX_LANGUAGE_STANDARD = "gnu++20";
				CLANG_ENABLE_MODULES = YES;
				CLANG_ENABLE_OBJC_ARC = YES;
				CLANG_ENABLE_OBJC_WEAK = YES;
				CLANG_WARN_BLOCK_CAPTURE_AUTORELEASING = YES;
				CLANG_WARN_BOOL_CONVERSION = YES;
				CLANG_WARN_COMMA = YES;
				CLANG_WARN_CONSTANT_CONVERSION = YES;
				CLANG_WARN_DEPRECATED_OBJC_IMPLEMENTATIONS = YES;
				CLANG_WARN_DIRECT_OBJC_ISA_USAGE = YES_ERROR;
				CLANG_WARN_DOCUMENTATION_COMMENTS = YES;
				CLANG_WARN_EMPTY_BODY = YES;
				CLANG_WARN_ENUM_CONVERSION = YES;
				CLANG_WARN_INFINITE_RECURSION = YES;
				CLANG_WARN_INT_CONVERSION = YES;
				CLANG_WARN_NON_LITERAL_NULL_CONVERSION = YES;
				CLANG_WARN_OBJC_IMPLICIT_RETAIN_SELF = YES;
				CLANG_WARN_OBJC_LITERAL_CONVERSION = YES;
				CLANG_WARN_OBJC_ROOT_CLASS = YES_ERROR;
				CLANG_WARN_QUOTED_INCLUDE_IN_FRAMEWORK_HEADER = YES;
				CLANG_WARN_RANGE_LOOP_ANALYSIS = YES;
				CLANG_WARN_STRICT_PROTOTYPES = YES;
				CLANG_WARN_SUSPICIOUS_MOVE = YES;
				CLANG_WARN_UNGUARDED_AVAILABILITY = YES_AGGRESSIVE;
				CLANG_WARN_UNREACHABLE_CODE = YES;
				CLANG_WARN__DUPLICATE_METHOD_MATCH = YES;
				COPY_PHASE_STRIP = NO;
				DEBUG_INFORMATION_FORMAT = "dwarf-with-dsym";
				ENABLE_NS_ASSERTIONS = NO;
				ENABLE_STRICT_OBJC_MSGSEND = YES;
				GCC_C_LANGUAGE_STANDARD = gnu11;
				GCC_NO_COMMON_BLOCKS = YES;
				GCC_WARN_64_TO_32_BIT_CONVERSION = YES;
				GCC_WARN_ABOUT_RETURN_TYPE = YES_ERROR;
				GCC_WARN_UNDECLARED_SELECTOR = YES;
				GCC_WARN_UNINITIALIZED_AUTOS = YES_AGGRESSIVE;
				GCC_WARN_UNUSED_FUNCTION = YES;
				GCC_WARN_UNUSED_VARIABLE = YES;
				IPHONEOS_DEPLOYMENT_TARGET = 16.0;
				MTL_ENABLE_DEBUG_INFO = NO;
				MTL_FAST_MATH = YES;
				SDKROOT = iphoneos;
				SWIFT_COMPILATION_MODE = wholemodule;
				SWIFT_OPTIMIZATION_LEVEL = "-O";
				VALIDATE_PRODUCT = YES;
			};
			name = Release;
		};
		A189B9902980C1D0002E8687 /* Debug */ = {
			isa = XCBuildConfiguration;
			buildSettings = {
				ASSETCATALOG_COMPILER_APPICON_NAME = AppIcon;
				ASSETCATALOG_COMPILER_GLOBAL_ACCENT_COLOR_NAME = AccentColor;
				CODE_SIGN_STYLE = Automatic;
				CURRENT_PROJECT_VERSION = 1;
				DEVELOPMENT_ASSET_PATHS = "\"LiveFootball/Preview Content\"";
				DEVELOPMENT_TEAM = JF8DW7C5A2;
				ENABLE_PREVIEWS = YES;
				GENERATE_INFOPLIST_FILE = YES;
				INFOPLIST_KEY_UIApplicationSceneManifest_Generation = YES;
				INFOPLIST_KEY_UIApplicationSupportsIndirectInputEvents = YES;
				INFOPLIST_KEY_UILaunchScreen_Generation = YES;
				INFOPLIST_KEY_UISupportedInterfaceOrientations_iPad = "UIInterfaceOrientationPortrait UIInterfaceOrientationPortraitUpsideDown UIInterfaceOrientationLandscapeLeft UIInterfaceOrientationLandscapeRight";
				INFOPLIST_KEY_UISupportedInterfaceOrientations_iPhone = "UIInterfaceOrientationPortrait UIInterfaceOrientationLandscapeLeft UIInterfaceOrientationLandscapeRight";
				LD_RUNPATH_SEARCH_PATHS = (
					"$(inherited)",
					"@executable_path/Frameworks",
				);
				MARKETING_VERSION = 1.0;
				PRODUCT_BUNDLE_IDENTIFIER = com.ouwargui.LiveFootball;
				PRODUCT_NAME = "$(TARGET_NAME)";
				SWIFT_EMIT_LOC_STRINGS = YES;
				SWIFT_VERSION = 5.0;
				TARGETED_DEVICE_FAMILY = "1,2";
			};
			name = Debug;
		};
		A189B9912980C1D0002E8687 /* Release */ = {
			isa = XCBuildConfiguration;
			buildSettings = {
				ASSETCATALOG_COMPILER_APPICON_NAME = AppIcon;
				ASSETCATALOG_COMPILER_GLOBAL_ACCENT_COLOR_NAME = AccentColor;
				CODE_SIGN_STYLE = Automatic;
				CURRENT_PROJECT_VERSION = 1;
				DEVELOPMENT_ASSET_PATHS = "\"LiveFootball/Preview Content\"";
				DEVELOPMENT_TEAM = JF8DW7C5A2;
				ENABLE_PREVIEWS = YES;
				GENERATE_INFOPLIST_FILE = YES;
				INFOPLIST_KEY_UIApplicationSceneManifest_Generation = YES;
				INFOPLIST_KEY_UIApplicationSupportsIndirectInputEvents = YES;
				INFOPLIST_KEY_UILaunchScreen_Generation = YES;
				INFOPLIST_KEY_UISupportedInterfaceOrientations_iPad = "UIInterfaceOrientationPortrait UIInterfaceOrientationPortraitUpsideDown UIInterfaceOrientationLandscapeLeft UIInterfaceOrientationLandscapeRight";
				INFOPLIST_KEY_UISupportedInterfaceOrientations_iPhone = "UIInterfaceOrientationPortrait UIInterfaceOrientationLandscapeLeft UIInterfaceOrientationLandscapeRight";
				LD_RUNPATH_SEARCH_PATHS = (
					"$(inherited)",
					"@executable_path/Frameworks",
				);
				MARKETING_VERSION = 1.0;
				PRODUCT_BUNDLE_IDENTIFIER = com.ouwargui.LiveFootball;
				PRODUCT_NAME = "$(TARGET_NAME)";
				SWIFT_EMIT_LOC_STRINGS = YES;
				SWIFT_VERSION = 5.0;
				TARGETED_DEVICE_FAMILY = "1,2";
			};
			name = Release;
		};
/* End XCBuildConfiguration section */

/* Begin XCConfigurationList section */
		A189B97C2980C1CE002E8687 /* Build configuration list for PBXProject "LiveFootball" */ = {
			isa = XCConfigurationList;
			buildConfigurations = (
				A189B98D2980C1D0002E8687 /* Debug */,
				A189B98E2980C1D0002E8687 /* Release */,
			);
			defaultConfigurationIsVisible = 0;
			defaultConfigurationName = Release;
		};
		A189B98F2980C1D0002E8687 /* Build configuration list for PBXNativeTarget "LiveFootball" */ = {
			isa = XCConfigurationList;
			buildConfigurations = (
				A189B9902980C1D0002E8687 /* Debug */,
				A189B9912980C1D0002E8687 /* Release */,
			);
			defaultConfigurationIsVisible = 0;
			defaultConfigurationName = Release;
		};
/* End XCConfigurationList section */

/* Begin XCRemoteSwiftPackageReference section */
		A189B9AB2980D450002E8687 /* XCRemoteSwiftPackageReference "Kingfisher" */ = {
			isa = XCRemoteSwiftPackageReference;
			repositoryURL = "https://github.com/onevcat/Kingfisher.git";
			requirement = {
				kind = upToNextMajorVersion;
				minimumVersion = 7.0.0;
			};
		};
/* End XCRemoteSwiftPackageReference section */

/* Begin XCSwiftPackageProductDependency section */
		A189B9AC2980D450002E8687 /* Kingfisher */ = {
			isa = XCSwiftPackageProductDependency;
			package = A189B9AB2980D450002E8687 /* XCRemoteSwiftPackageReference "Kingfisher" */;
			productName = Kingfisher;
		};
/* End XCSwiftPackageProductDependency section */
	};
	rootObject = A189B9792980C1CE002E8687 /* Project object */;
}
